
Microsoft Visual Studio Solution File, Format Version 12.00
# Visual Studio Version 16
VisualStudioVersion = 16.0.30523.141
MinimumVisualStudioVersion = 10.0.40219.1
Project("{FAE04EC0-301F-11D3-BF4B-00C04F79EFBC}") = "01_exercisesReviewCS", "exercisesReviewCS\01_exercisesReviewCS.csproj", "{F6C5C8EB-D39C-4AFF-AC74-660A0049C44F}"
EndProject
Project("{FAE04EC0-301F-11D3-BF4B-00C04F79EFBC}") = "02_ListModificationChallenge", "02_ListModificationChallenge\02_ListModificationChallenge.csproj", "{B7405076-DB5C-4822-980E-4EFEE638134D}"
EndProject
Project("{FAE04EC0-301F-11D3-BF4B-00C04F79EFBC}") = "03_DateTimeChallenge", "03_DateTimeChallenge\03_DateTimeChallenge.csproj", "{EBB0753E-2CAE-42F2-A0F8-18B636E687FB}"
EndProject
Project("{FAE04EC0-301F-11D3-BF4B-00C04F79EFBC}") = "04_DataAccess", "04_DataAccess\04_DataAccess.csproj", "{9B397269-85A5-47D2-8A6F-0B7F4E031864}"
EndProject
Project("{FAE04EC0-301F-11D3-BF4B-00C04F79EFBC}") = "05_TestFilesChallenge", "05_TestFilesChallenge\05_TestFilesChallenge.csproj", "{6279355A-6588-4F86-B13D-E5D4FFF10EE2}"
EndProject
Project("{FAE04EC0-301F-11D3-BF4B-00C04F79EFBC}") = "06_WinFormsToDoList", "WinFormsToDoList\06_WinFormsToDoList.csproj", "{0A436755-0965-4271-848B-523127BD4ED0}"
EndProject
Project("{FAE04EC0-301F-11D3-BF4B-00C04F79EFBC}") = "07_ConsoleToDoList", "07_ConsoleToDoList\07_ConsoleToDoList.csproj", "{F82EAB2B-4696-4D5B-A5A0-8308F9DB850F}"
EndProject
Global
	GlobalSection(SolutionConfigurationPlatforms) = preSolution
		Debug|Any CPU = Debug|Any CPU
		Release|Any CPU = Release|Any CPU
	EndGlobalSection
	GlobalSection(ProjectConfigurationPlatforms) = postSolution
		{F6C5C8EB-D39C-4AFF-AC74-660A0049C44F}.Debug|Any CPU.ActiveCfg = Debug|Any CPU
		{F6C5C8EB-D39C-4AFF-AC74-660A0049C44F}.Debug|Any CPU.Build.0 = Debug|Any CPU
		{F6C5C8EB-D39C-4AFF-AC74-660A0049C44F}.Release|Any CPU.ActiveCfg = Release|Any CPU
		{F6C5C8EB-D39C-4AFF-AC74-660A0049C44F}.Release|Any CPU.Build.0 = Release|Any CPU
		{B7405076-DB5C-4822-980E-4EFEE638134D}.Debug|Any CPU.ActiveCfg = Debug|Any CPU
		{B7405076-DB5C-4822-980E-4EFEE638134D}.Debug|Any CPU.Build.0 = Debug|Any CPU
		{B7405076-DB5C-4822-980E-4EFEE638134D}.Release|Any CPU.ActiveCfg = Release|Any CPU
		{B7405076-DB5C-4822-980E-4EFEE638134D}.Release|Any CPU.Build.0 = Release|Any CPU
		{EBB0753E-2CAE-42F2-A0F8-18B636E687FB}.Debug|Any CPU.ActiveCfg = Debug|Any CPU
		{EBB0753E-2CAE-42F2-A0F8-18B636E687FB}.Debug|Any CPU.Build.0 = Debug|Any CPU
		{EBB0753E-2CAE-42F2-A0F8-18B636E687FB}.Release|Any CPU.ActiveCfg = Release|Any CPU
		{EBB0753E-2CAE-42F2-A0F8-18B636E687FB}.Release|Any CPU.Build.0 = Release|Any CPU
		{9B397269-85A5-47D2-8A6F-0B7F4E031864}.Debug|Any CPU.ActiveCfg = Debug|Any CPU
		{9B397269-85A5-47D2-8A6F-0B7F4E031864}.Debug|Any CPU.Build.0 = Debug|Any CPU
		{9B397269-85A5-47D2-8A6F-0B7F4E031864}.Release|Any CPU.ActiveCfg = Release|Any CPU
		{9B397269-85A5-47D2-8A6F-0B7F4E031864}.Release|Any CPU.Build.0 = Release|Any CPU
		{6279355A-6588-4F86-B13D-E5D4FFF10EE2}.Debug|Any CPU.ActiveCfg = Debug|Any CPU
		{6279355A-6588-4F86-B13D-E5D4FFF10EE2}.Debug|Any CPU.Build.0 = Debug|Any CPU
		{6279355A-6588-4F86-B13D-E5D4FFF10EE2}.Release|Any CPU.ActiveCfg = Release|Any CPU
		{6279355A-6588-4F86-B13D-E5D4FFF10EE2}.Release|Any CPU.Build.0 = Release|Any CPU
		{0A436755-0965-4271-848B-523127BD4ED0}.Debug|Any CPU.ActiveCfg = Debug|Any CPU
		{0A436755-0965-4271-848B-523127BD4ED0}.Debug|Any CPU.Build.0 = Debug|Any CPU
		{0A436755-0965-4271-848B-523127BD4ED0}.Release|Any CPU.ActiveCfg = Release|Any CPU
		{0A436755-0965-4271-848B-523127BD4ED0}.Release|Any CPU.Build.0 = Release|Any CPU
		{F82EAB2B-4696-4D5B-A5A0-8308F9DB850F}.Debug|Any CPU.ActiveCfg = Debug|Any CPU
		{F82EAB2B-4696-4D5B-A5A0-8308F9DB850F}.Debug|Any CPU.Build.0 = Debug|Any CPU
		{F82EAB2B-4696-4D5B-A5A0-8308F9DB850F}.Release|Any CPU.ActiveCfg = Release|Any CPU
		{F82EAB2B-4696-4D5B-A5A0-8308F9DB850F}.Release|Any CPU.Build.0 = Release|Any CPU
	EndGlobalSection
	GlobalSection(SolutionProperties) = preSolution
		HideSolutionNode = FALSE
	EndGlobalSection
	GlobalSection(ExtensibilityGlobals) = postSolution
		SolutionGuid = {5F230342-7EA6-4F96-ACBD-3498D413EF72}
	EndGlobalSection
EndGlobal
